
Microsoft Visual Studio Solution File, Format Version 12.00
# Visual Studio Version 17
VisualStudioVersion = 17.5.33414.496
MinimumVisualStudioVersion = 10.0.40219.1
Project("{FAE04EC0-301F-11D3-BF4B-00C04F79EFBC}") = "ZeaMartDn", "ZeaMartDn\ZeaMartDn.csproj", "{942230DC-62B3-42AC-B5D1-FB961935E369}"
EndProject
Global
	GlobalSection(SolutionConfigurationPlatforms) = preSolution
		Debug|Any CPU = Debug|Any CPU
		Release|Any CPU = Release|Any CPU
	EndGlobalSection
	GlobalSection(ProjectConfigurationPlatforms) = postSolution
		{942230DC-62B3-42AC-B5D1-FB961935E369}.Debug|Any CPU.ActiveCfg = Debug|Any CPU
		{942230DC-62B3-42AC-B5D1-FB961935E369}.Debug|Any CPU.Build.0 = Debug|Any CPU
		{942230DC-62B3-42AC-B5D1-FB961935E369}.Release|Any CPU.ActiveCfg = Release|Any CPU
		{942230DC-62B3-42AC-B5D1-FB961935E369}.Release|Any CPU.Build.0 = Release|Any CPU
	EndGlobalSection
	GlobalSection(SolutionProperties) = preSolution
		HideSolutionNode = FALSE
	EndGlobalSection
	GlobalSection(ExtensibilityGlobals) = postSolution
		SolutionGuid = {C334F1E8-166F-4F18-81F9-4BB4F801BE4A}
	EndGlobalSection
EndGlobal
